
Microsoft Visual Studio Solution File, Format Version 12.00
# Visual Studio Version 16
VisualStudioVersion = 16.0.35130.168
MinimumVisualStudioVersion = 10.0.40219.1
Project("{FAE04EC0-301F-11D3-BF4B-00C04F79EFBC}") = "Final Assignment", "Final Assignment\Final Assignment.csproj", "{70AF99C4-DDAA-4262-A0FF-4241705422B7}"
EndProject
Global
	GlobalSection(SolutionConfigurationPlatforms) = preSolution
		Debug|Any CPU = Debug|Any CPU
		Release|Any CPU = Release|Any CPU
	EndGlobalSection
	GlobalSection(ProjectConfigurationPlatforms) = postSolution
		{70AF99C4-DDAA-4262-A0FF-4241705422B7}.Debug|Any CPU.ActiveCfg = Debug|Any CPU
		{70AF99C4-DDAA-4262-A0FF-4241705422B7}.Debug|Any CPU.Build.0 = Debug|Any CPU
		{70AF99C4-DDAA-4262-A0FF-4241705422B7}.Release|Any CPU.ActiveCfg = Release|Any CPU
		{70AF99C4-DDAA-4262-A0FF-4241705422B7}.Release|Any CPU.Build.0 = Release|Any CPU
	EndGlobalSection
	GlobalSection(SolutionProperties) = preSolution
		HideSolutionNode = FALSE
	EndGlobalSection
	GlobalSection(ExtensibilityGlobals) = postSolution
		SolutionGuid = {0E4F4232-F4E3-42CC-A123-DBF635ED4FEB}
	EndGlobalSection
EndGlobal
